
Microsoft Visual Studio Solution File, Format Version 12.00
# Visual Studio Version 17
VisualStudioVersion = 17.4.33205.214
MinimumVisualStudioVersion = 10.0.40219.1
Project("{9A19103F-16F7-4668-BE54-9A1E7A4F7556}") = "Atlice.WebUI", "Atlice.WebUI\Atlice.WebUI.csproj", "{EFBAF005-A3F6-4FF9-86D3-2311394F5B39}"
EndProject
Project("{9A19103F-16F7-4668-BE54-9A1E7A4F7556}") = "Atlice.Domain", "Atlice.Domain\Atlice.Domain.csproj", "{021F03B1-5D60-4B6C-8BA2-26AB8791D366}"
EndProject
Global
	GlobalSection(SolutionConfigurationPlatforms) = preSolution
		Debug|Any CPU = Debug|Any CPU
		Release|Any CPU = Release|Any CPU
	EndGlobalSection
	GlobalSection(ProjectConfigurationPlatforms) = postSolution
		{EFBAF005-A3F6-4FF9-86D3-2311394F5B39}.Debug|Any CPU.ActiveCfg = Debug|Any CPU
		{EFBAF005-A3F6-4FF9-86D3-2311394F5B39}.Debug|Any CPU.Build.0 = Debug|Any CPU
		{EFBAF005-A3F6-4FF9-86D3-2311394F5B39}.Release|Any CPU.ActiveCfg = Release|Any CPU
		{EFBAF005-A3F6-4FF9-86D3-2311394F5B39}.Release|Any CPU.Build.0 = Release|Any CPU
		{021F03B1-5D60-4B6C-8BA2-26AB8791D366}.Debug|Any CPU.ActiveCfg = Debug|Any CPU
		{021F03B1-5D60-4B6C-8BA2-26AB8791D366}.Debug|Any CPU.Build.0 = Debug|Any CPU
		{021F03B1-5D60-4B6C-8BA2-26AB8791D366}.Release|Any CPU.ActiveCfg = Release|Any CPU
		{021F03B1-5D60-4B6C-8BA2-26AB8791D366}.Release|Any CPU.Build.0 = Release|Any CPU
	EndGlobalSection
	GlobalSection(SolutionProperties) = preSolution
		HideSolutionNode = FALSE
	EndGlobalSection
	GlobalSection(ExtensibilityGlobals) = postSolution
		SolutionGuid = {15897BE3-831F-4B69-BA54-9A2BCCCBDD91}
	EndGlobalSection
EndGlobal
